{
  "name": "com.aware.plugin.cmu.sup",
  "version": "1.2.1",
  "lockfileVersion": 1,
  "requires": true,
  "dependencies": {
    "babel-plugin-add-header-comment": {
      "version": "1.0.3",
      "resolved": "https://registry.npmjs.org/babel-plugin-add-header-comment/-/babel-plugin-add-header-comment-1.0.3.tgz",
      "integrity": "sha1-URxJAQYmQNWkgLSsPt1pRBlYUOw="
    },
    "base64-js": {
      "version": "1.3.0",
      "resolved": "https://registry.npmjs.org/base64-js/-/base64-js-1.3.0.tgz",
      "integrity": "sha512-ccav/yGvoa80BQDljCxsmmQ3Xvx60/UpBIij5QN21W3wBi/hhIC9OoO+KLpu9IJTS9j4DRVJ3aDDF9cMSoa2lw=="
    },
    "cordova-android": {
      "version": "6.4.0",
      "resolved": "https://registry.npmjs.org/cordova-android/-/cordova-android-6.4.0.tgz",
      "integrity": "sha1-VK6NpXKKjX5e/MYXLT3MoXvH/n0=",
      "requires": {
        "android-versions": "^1.2.1",
        "cordova-common": "^2.1.0",
        "elementtree": "0.1.6",
        "nopt": "^3.0.1",
        "properties-parser": "^0.2.3",
        "q": "^1.4.1",
        "shelljs": "^0.5.3"
      },
      "dependencies": {
        "abbrev": {
          "version": "1.1.0",
          "resolved": "https://registry.npmjs.org/abbrev/-/abbrev-1.1.0.tgz",
          "integrity": "sha1-0FVMIlZjbi9W58LlrRg/hZQo2B8="
        },
        "android-versions": {
          "version": "1.2.1",
          "resolved": "https://registry.npmjs.org/android-versions/-/android-versions-1.2.1.tgz",
          "integrity": "sha1-P1C69pPnOlEsPFQDVCKRzq2QAGM="
        },
        "ansi": {
          "version": "0.3.1",
          "resolved": "https://registry.npmjs.org/ansi/-/ansi-0.3.1.tgz",
          "integrity": "sha1-DELU+xcWDVqa8eSEus4cZpIsGyE="
        },
        "balanced-match": {
          "version": "1.0.0",
          "resolved": "https://registry.npmjs.org/balanced-match/-/balanced-match-1.0.0.tgz",
          "integrity": "sha1-ibTRmasr7kneFk6gK4nORi1xt2c="
        },
        "base64-js": {
          "version": "0.0.8",
          "resolved": "https://registry.npmjs.org/base64-js/-/base64-js-0.0.8.tgz",
          "integrity": "sha1-EQHpVE9KdrG8OybUUsqW16NeeXg="
        },
        "big-integer": {
          "version": "1.6.25",
          "resolved": "https://registry.npmjs.org/big-integer/-/big-integer-1.6.25.tgz",
          "integrity": "sha1-HeRan1dUKsIBIcaC+NZCIgo06CM="
        },
        "bplist-parser": {
          "version": "0.1.1",
          "resolved": "https://registry.npmjs.org/bplist-parser/-/bplist-parser-0.1.1.tgz",
          "integrity": "sha1-1g1dzCDLptx+HymbNdPh+V2vuuY=",
          "requires": {
            "big-integer": "^1.6.7"
          }
        },
        "brace-expansion": {
          "version": "1.1.8",
          "resolved": "https://registry.npmjs.org/brace-expansion/-/brace-expansion-1.1.8.tgz",
          "integrity": "sha1-wHshHHyVLsH479Uad+8NHTmQopI=",
          "requires": {
            "balanced-match": "^1.0.0",
            "concat-map": "0.0.1"
          }
        },
        "concat-map": {
          "version": "0.0.1",
          "resolved": "https://registry.npmjs.org/concat-map/-/concat-map-0.0.1.tgz",
          "integrity": "sha1-2Klr13/Wjfd5OnMDajug1UBdR3s="
        },
        "cordova-common": {
          "version": "2.1.0",
          "resolved": "https://registry.npmjs.org/cordova-common/-/cordova-common-2.1.0.tgz",
          "integrity": "sha1-uzV+4bmCUDHtnbPFa1ku/pc9FkA=",
          "requires": {
            "ansi": "^0.3.1",
            "bplist-parser": "^0.1.0",
            "cordova-registry-mapper": "^1.1.8",
            "elementtree": "0.1.6",
            "glob": "^5.0.13",
            "minimatch": "^3.0.0",
            "osenv": "^0.1.3",
            "plist": "^1.2.0",
            "q": "^1.4.1",
            "semver": "^5.0.1",
            "shelljs": "^0.5.3",
            "underscore": "^1.8.3",
            "unorm": "^1.3.3"
          }
        },
        "cordova-registry-mapper": {
          "version": "1.1.15",
          "resolved": "https://registry.npmjs.org/cordova-registry-mapper/-/cordova-registry-mapper-1.1.15.tgz",
          "integrity": "sha1-4kS5GFuBdUc7/2B5MkkFEV+D3Hw="
        },
        "elementtree": {
          "version": "0.1.6",
          "resolved": "https://registry.npmjs.org/elementtree/-/elementtree-0.1.6.tgz",
          "integrity": "sha1-KsTEbqMFFsjEy9teOsdBjlkt4gw=",
          "requires": {
            "sax": "0.3.5"
          }
        },
        "glob": {
          "version": "5.0.15",
          "resolved": "https://registry.npmjs.org/glob/-/glob-5.0.15.tgz",
          "integrity": "sha1-G8k2ueAvSmA/zCIuz3Yz0wuLk7E=",
          "requires": {
            "inflight": "^1.0.4",
            "inherits": "2",
            "minimatch": "2 || 3",
            "once": "^1.3.0",
            "path-is-absolute": "^1.0.0"
          }
        },
        "inflight": {
          "version": "1.0.6",
          "resolved": "https://registry.npmjs.org/inflight/-/inflight-1.0.6.tgz",
          "integrity": "sha1-Sb1jMdfQLQwJvJEKEHW6gWW1bfk=",
          "requires": {
            "once": "^1.3.0",
            "wrappy": "1"
          }
        },
        "inherits": {
          "version": "2.0.3",
          "resolved": "https://registry.npmjs.org/inherits/-/inherits-2.0.3.tgz",
          "integrity": "sha1-Yzwsg+PaQqUC9SRmAiSA9CCCYd4="
        },
        "lodash": {
          "version": "3.10.1",
          "resolved": "https://registry.npmjs.org/lodash/-/lodash-3.10.1.tgz",
          "integrity": "sha1-W/Rejkm6QYnhfUgnid/RW9FAt7Y="
        },
        "minimatch": {
          "version": "3.0.4",
          "resolved": "https://registry.npmjs.org/minimatch/-/minimatch-3.0.4.tgz",
          "integrity": "sha1-UWbihkV/AzBgZL5Ul+jbsMPTIIM=",
          "requires": {
            "brace-expansion": "^1.1.7"
          }
        },
        "nopt": {
          "version": "3.0.6",
          "resolved": "https://registry.npmjs.org/nopt/-/nopt-3.0.6.tgz",
          "integrity": "sha1-xkZdvwirzU2zWTF/eaxopkayj/k=",
          "requires": {
            "abbrev": "1"
          }
        },
        "once": {
          "version": "1.4.0",
          "resolved": "https://registry.npmjs.org/once/-/once-1.4.0.tgz",
          "integrity": "sha1-WDsap3WWHUsROsF9nFC6753Xa9E=",
          "requires": {
            "wrappy": "1"
          }
        },
        "os-homedir": {
          "version": "1.0.2",
          "resolved": "https://registry.npmjs.org/os-homedir/-/os-homedir-1.0.2.tgz",
          "integrity": "sha1-/7xJiDNuDoM94MFox+8VISGqf7M="
        },
        "os-tmpdir": {
          "version": "1.0.2",
          "resolved": "https://registry.npmjs.org/os-tmpdir/-/os-tmpdir-1.0.2.tgz",
          "integrity": "sha1-u+Z0BseaqFxc/sdm/lc0VV36EnQ="
        },
        "osenv": {
          "version": "0.1.4",
          "resolved": "https://registry.npmjs.org/osenv/-/osenv-0.1.4.tgz",
          "integrity": "sha1-Qv5tWVPfBsgGS+bxdsPQWqqjRkQ=",
          "requires": {
            "os-homedir": "^1.0.0",
            "os-tmpdir": "^1.0.0"
          }
        },
        "path-is-absolute": {
          "version": "1.0.1",
          "resolved": "https://registry.npmjs.org/path-is-absolute/-/path-is-absolute-1.0.1.tgz",
          "integrity": "sha1-F0uSaHNVNP+8es5r9TpanhtcX18="
        },
        "plist": {
          "version": "1.2.0",
          "resolved": "https://registry.npmjs.org/plist/-/plist-1.2.0.tgz",
          "integrity": "sha1-CEtQk93JJQbiWfh0uNmxr7jHlZM=",
          "requires": {
            "base64-js": "0.0.8",
            "util-deprecate": "1.0.2",
            "xmlbuilder": "4.0.0",
            "xmldom": "0.1.x"
          }
        },
        "properties-parser": {
          "version": "0.2.3",
          "resolved": "https://registry.npmjs.org/properties-parser/-/properties-parser-0.2.3.tgz",
          "integrity": "sha1-91kSVfcHq7/yJ8e1a2N9uwNzoQ8="
        },
        "q": {
          "version": "1.5.0",
          "resolved": "https://registry.npmjs.org/q/-/q-1.5.0.tgz",
          "integrity": "sha1-3QG6ydBtMObyGa7LglPunr3DCPE="
        },
        "sax": {
          "version": "0.3.5",
          "resolved": "https://registry.npmjs.org/sax/-/sax-0.3.5.tgz",
          "integrity": "sha1-iPz8H3PAyLvVt8d2ttPzUB7tBz0="
        },
        "semver": {
          "version": "5.4.1",
          "resolved": "https://registry.npmjs.org/semver/-/semver-5.4.1.tgz",
          "integrity": "sha1-4FnAnYVx8FQII3M0M1BdOi8AsY4="
        },
        "shelljs": {
          "version": "0.5.3",
          "resolved": "https://registry.npmjs.org/shelljs/-/shelljs-0.5.3.tgz",
          "integrity": "sha1-xUmCuZbHbvDB5rWfvcWCX1txMRM="
        },
        "underscore": {
          "version": "1.8.3",
          "resolved": "https://registry.npmjs.org/underscore/-/underscore-1.8.3.tgz",
          "integrity": "sha1-Tz+1OxBuYJf8+ctBCfKl6b36UCI="
        },
        "unorm": {
          "version": "1.4.1",
          "resolved": "https://registry.npmjs.org/unorm/-/unorm-1.4.1.tgz",
          "integrity": "sha1-NkIA1fE2RsqLzURJAnEzVhR5IwA="
        },
        "util-deprecate": {
          "version": "1.0.2",
          "resolved": "https://registry.npmjs.org/util-deprecate/-/util-deprecate-1.0.2.tgz",
          "integrity": "sha1-RQ1Nyfpw3nMnYvvS1KKJgUGaDM8="
        },
        "wrappy": {
          "version": "1.0.2",
          "resolved": "https://registry.npmjs.org/wrappy/-/wrappy-1.0.2.tgz",
          "integrity": "sha1-tSQ9jz7BqjXxNkYFvA0QNuMKtp8="
        },
        "xmlbuilder": {
          "version": "4.0.0",
          "resolved": "https://registry.npmjs.org/xmlbuilder/-/xmlbuilder-4.0.0.tgz",
          "integrity": "sha1-mLj2UcowqmJANvEn0RzGbce5B6M=",
          "requires": {
            "lodash": "^3.5.0"
          }
        },
        "xmldom": {
          "version": "0.1.27",
          "resolved": "https://registry.npmjs.org/xmldom/-/xmldom-0.1.27.tgz",
          "integrity": "sha1-1QH5ezvbQDr4757MIFcxh6rawOk="
        }
      }
    },
    "cordova-ios": {
      "version": "4.5.5",
      "resolved": "https://registry.npmjs.org/cordova-ios/-/cordova-ios-4.5.5.tgz",
      "integrity": "sha512-3+30m2dZ2yii7kg+H7cgpdpkXpMj54zoX5imjGGG4Z7dPXKmalTLc/9rLq+Iaa+Q1BqyOrUFaHopWOODRU6vCg==",
      "requires": {
        "abbrev": "*",
        "ansi": "*",
        "balanced-match": "*",
        "base64-js": "1.2.0",
        "big-integer": "*",
        "bplist-creator": "*",
        "bplist-parser": "*",
        "brace-expansion": "*",
        "concat-map": "*",
        "cordova-common": "2.2.5",
        "cordova-registry-mapper": "*",
        "elementtree": "0.1.6",
        "glob": "5.0.15",
        "inflight": "*",
        "inherits": "*",
        "ios-sim": "6.1.3",
        "minimatch": "*",
        "nopt": "3.0.6",
        "once": "*",
        "path-is-absolute": "*",
        "plist": "2.1.0",
        "q": "1.5.1",
        "sax": "0.3.5",
        "shelljs": "0.5.3",
        "simctl": "*",
        "simple-plist": "0.2.1",
        "stream-buffers": "2.2.0",
        "tail": "0.4.0",
        "underscore": "*",
        "unorm": "*",
        "uuid": "3.0.1",
        "wrappy": "*",
        "xcode": "0.9.3",
        "xml-escape": "1.1.0",
        "xmlbuilder": "8.2.2",
        "xmldom": "*"
      },
      "dependencies": {
        "abbrev": {
          "version": "1.1.1",
          "resolved": "https://registry.npmjs.org/abbrev/-/abbrev-1.1.1.tgz",
          "integrity": "sha512-nne9/IiQ/hzIhY6pdDnbBtz7DjPTKrY00P/zvPSm5pOFkl6xuGrGnXn/VtTNNfNtAfZ9/1RtehkszU9qcTii0Q=="
        },
        "ansi": {
          "version": "0.3.1",
          "resolved": "https://registry.npmjs.org/ansi/-/ansi-0.3.1.tgz",
          "integrity": "sha1-DELU+xcWDVqa8eSEus4cZpIsGyE="
        },
        "balanced-match": {
          "version": "1.0.0",
          "resolved": "https://registry.npmjs.org/balanced-match/-/balanced-match-1.0.0.tgz",
          "integrity": "sha1-ibTRmasr7kneFk6gK4nORi1xt2c="
        },
        "base64-js": {
          "version": "1.2.0",
          "resolved": "https://registry.npmjs.org/base64-js/-/base64-js-1.2.0.tgz",
          "integrity": "sha1-o5mS1yNYSBGYK+XikLtqU9hnAPE="
        },
        "big-integer": {
          "version": "1.6.32",
          "resolved": "https://registry.npmjs.org/big-integer/-/big-integer-1.6.32.tgz",
          "integrity": "sha512-ljKJdR3wk9thHfLj4DtrNiOSTxvGFaMjWrG4pW75juXC4j7+XuKJVFdg4kgFMYp85PVkO05dFMj2dk2xVsH4xw=="
        },
        "bplist-creator": {
          "version": "0.0.7",
          "resolved": "https://registry.npmjs.org/bplist-creator/-/bplist-creator-0.0.7.tgz",
          "integrity": "sha1-N98VNgkoJLh8QvlXsBNEEXNyrkU=",
          "requires": {
            "stream-buffers": "~2.2.0"
          }
        },
        "bplist-parser": {
          "version": "0.1.1",
          "resolved": "https://registry.npmjs.org/bplist-parser/-/bplist-parser-0.1.1.tgz",
          "integrity": "sha1-1g1dzCDLptx+HymbNdPh+V2vuuY=",
          "requires": {
            "big-integer": "^1.6.7"
          }
        },
        "brace-expansion": {
          "version": "1.1.11",
          "resolved": "https://registry.npmjs.org/brace-expansion/-/brace-expansion-1.1.11.tgz",
          "integrity": "sha512-iCuPHDFgrHX7H2vEI/5xpz07zSHB00TpugqhmYtVmMO6518mCuRMoOYFldEBl0g187ufozdaHgWKcYFb61qGiA==",
          "requires": {
            "balanced-match": "^1.0.0",
            "concat-map": "0.0.1"
          }
        },
        "concat-map": {
          "version": "0.0.1",
          "resolved": "https://registry.npmjs.org/concat-map/-/concat-map-0.0.1.tgz",
          "integrity": "sha1-2Klr13/Wjfd5OnMDajug1UBdR3s="
        },
        "cordova-common": {
          "version": "2.2.5",
          "resolved": "https://registry.npmjs.org/cordova-common/-/cordova-common-2.2.5.tgz",
          "integrity": "sha1-+TzvKtSUz8v1bEbj1hKqqctfzDI=",
          "requires": {
            "ansi": "^0.3.1",
            "bplist-parser": "^0.1.0",
            "cordova-registry-mapper": "^1.1.8",
            "elementtree": "0.1.6",
            "glob": "^5.0.13",
            "minimatch": "^3.0.0",
            "plist": "^2.1.0",
            "q": "^1.4.1",
            "shelljs": "^0.5.3",
            "underscore": "^1.8.3",
            "unorm": "^1.3.3"
          }
        },
        "cordova-registry-mapper": {
          "version": "1.1.15",
          "resolved": "https://registry.npmjs.org/cordova-registry-mapper/-/cordova-registry-mapper-1.1.15.tgz",
          "integrity": "sha1-4kS5GFuBdUc7/2B5MkkFEV+D3Hw="
        },
        "elementtree": {
          "version": "0.1.6",
          "resolved": "https://registry.npmjs.org/elementtree/-/elementtree-0.1.6.tgz",
          "integrity": "sha1-KsTEbqMFFsjEy9teOsdBjlkt4gw=",
          "requires": {
            "sax": "0.3.5"
          }
        },
        "glob": {
          "version": "5.0.15",
          "resolved": "https://registry.npmjs.org/glob/-/glob-5.0.15.tgz",
          "integrity": "sha1-G8k2ueAvSmA/zCIuz3Yz0wuLk7E=",
          "requires": {
            "inflight": "^1.0.4",
            "inherits": "2",
            "minimatch": "2 || 3",
            "once": "^1.3.0",
            "path-is-absolute": "^1.0.0"
          }
        },
        "inflight": {
          "version": "1.0.6",
          "resolved": "https://registry.npmjs.org/inflight/-/inflight-1.0.6.tgz",
          "integrity": "sha1-Sb1jMdfQLQwJvJEKEHW6gWW1bfk=",
          "requires": {
            "once": "^1.3.0",
            "wrappy": "1"
          }
        },
        "inherits": {
          "version": "2.0.3",
          "resolved": "https://registry.npmjs.org/inherits/-/inherits-2.0.3.tgz",
          "integrity": "sha1-Yzwsg+PaQqUC9SRmAiSA9CCCYd4="
        },
        "ios-sim": {
          "version": "6.1.3",
          "resolved": "https://registry.npmjs.org/ios-sim/-/ios-sim-6.1.3.tgz",
          "integrity": "sha512-xnpRKFH8ytVuSs+qlfBttVjNqFRovONT+K940518eVXWC151AJbzC6L0TCGnxyMPF5ghVCGcyGterfMOJKVb3w==",
          "requires": {
            "bplist-parser": "^0.0.6",
            "nopt": "1.0.9",
            "plist": "^2.1.0",
            "simctl": "^1.1.1"
          },
          "dependencies": {
            "bplist-parser": {
              "version": "0.0.6",
              "resolved": "https://registry.npmjs.org/bplist-parser/-/bplist-parser-0.0.6.tgz",
              "integrity": "sha1-ONo0cYF9+dRKs4kuJ3B7u9daEbk="
            },
            "nopt": {
              "version": "1.0.9",
              "resolved": "https://registry.npmjs.org/nopt/-/nopt-1.0.9.tgz",
              "integrity": "sha1-O8DXy6e/sNWmdtvtfA6+SKT9RU4=",
              "requires": {
                "abbrev": "1"
              }
            }
          }
        },
        "minimatch": {
          "version": "3.0.4",
          "resolved": "https://registry.npmjs.org/minimatch/-/minimatch-3.0.4.tgz",
          "integrity": "sha512-yJHVQEhyqPLUTgt9B83PXu6W3rx4MvvHvSUvToogpwoGDOUQ+yDrR0HRot+yOCdCO7u4hX3pWft6kWBBcqh0UA==",
          "requires": {
            "brace-expansion": "^1.1.7"
          }
        },
        "nopt": {
          "version": "3.0.6",
          "resolved": "https://registry.npmjs.org/nopt/-/nopt-3.0.6.tgz",
          "integrity": "sha1-xkZdvwirzU2zWTF/eaxopkayj/k=",
          "requires": {
            "abbrev": "1"
          }
        },
        "once": {
          "version": "1.4.0",
          "resolved": "https://registry.npmjs.org/once/-/once-1.4.0.tgz",
          "integrity": "sha1-WDsap3WWHUsROsF9nFC6753Xa9E=",
          "requires": {
            "wrappy": "1"
          }
        },
        "path-is-absolute": {
          "version": "1.0.1",
          "resolved": "https://registry.npmjs.org/path-is-absolute/-/path-is-absolute-1.0.1.tgz",
          "integrity": "sha1-F0uSaHNVNP+8es5r9TpanhtcX18="
        },
        "plist": {
          "version": "2.1.0",
          "resolved": "https://registry.npmjs.org/plist/-/plist-2.1.0.tgz",
          "integrity": "sha1-V8zbeggh3yGDEhejytVOPhRqECU=",
          "requires": {
            "base64-js": "1.2.0",
            "xmlbuilder": "8.2.2",
            "xmldom": "0.1.x"
          }
        },
        "q": {
          "version": "1.5.1",
          "resolved": "https://registry.npmjs.org/q/-/q-1.5.1.tgz",
          "integrity": "sha1-fjL3W0E4EpHQRhHxvxQQmsAGUdc="
        },
        "sax": {
          "version": "0.3.5",
          "resolved": "https://registry.npmjs.org/sax/-/sax-0.3.5.tgz",
          "integrity": "sha1-iPz8H3PAyLvVt8d2ttPzUB7tBz0="
        },
        "shelljs": {
          "version": "0.5.3",
          "resolved": "https://registry.npmjs.org/shelljs/-/shelljs-0.5.3.tgz",
          "integrity": "sha1-xUmCuZbHbvDB5rWfvcWCX1txMRM="
        },
        "simctl": {
          "version": "1.1.1",
          "resolved": "https://registry.npmjs.org/simctl/-/simctl-1.1.1.tgz",
          "integrity": "sha512-yY1WQMq/pneY5jQb2+lFp45qEtcz4yKBu1NOPo2OFDVCkwSkQhpkoaAaO1fWhq4IU0+8TQ2r1PMGSTedP0A/Og==",
          "requires": {
            "shelljs": "^0.2.6",
            "tail": "^0.4.0"
          },
          "dependencies": {
            "shelljs": {
              "version": "0.2.6",
              "resolved": "https://registry.npmjs.org/shelljs/-/shelljs-0.2.6.tgz",
              "integrity": "sha1-kEktcv/MgVmXa6umL7D2iE8MM3g="
            }
          }
        },
        "simple-plist": {
          "version": "0.2.1",
          "resolved": "https://registry.npmjs.org/simple-plist/-/simple-plist-0.2.1.tgz",
          "integrity": "sha1-cXZts1IyaSjPOoByQrp2IyJjZyM=",
          "requires": {
            "bplist-creator": "0.0.7",
            "bplist-parser": "0.1.1",
            "plist": "2.0.1"
          },
          "dependencies": {
            "base64-js": {
              "version": "1.1.2",
              "resolved": "https://registry.npmjs.org/base64-js/-/base64-js-1.1.2.tgz",
              "integrity": "sha1-1kAMrBxMZgl22Q0HoENR2JOV9eg="
            },
            "plist": {
              "version": "2.0.1",
              "resolved": "https://registry.npmjs.org/plist/-/plist-2.0.1.tgz",
              "integrity": "sha1-CjLKlIGxw2TpLhjcVch23p0B2os=",
              "requires": {
                "base64-js": "1.1.2",
                "xmlbuilder": "8.2.2",
                "xmldom": "0.1.x"
              }
            }
          }
        },
        "stream-buffers": {
          "version": "2.2.0",
          "resolved": "https://registry.npmjs.org/stream-buffers/-/stream-buffers-2.2.0.tgz",
          "integrity": "sha1-kdX1Ew0c75bc+n9yaUUYh0HQnuQ="
        },
        "tail": {
          "version": "0.4.0",
          "resolved": "https://registry.npmjs.org/tail/-/tail-0.4.0.tgz",
          "integrity": "sha1-0p3nJ1DMmdseBTr/E8NZ7PtxMAI="
        },
        "underscore": {
          "version": "1.9.1",
          "resolved": "https://registry.npmjs.org/underscore/-/underscore-1.9.1.tgz",
          "integrity": "sha512-5/4etnCkd9c8gwgowi5/om/mYO5ajCaOgdzj/oW+0eQV9WxKBDZw5+ycmKmeaTXjInS/W0BzpGLo2xR2aBwZdg=="
        },
        "unorm": {
          "version": "1.4.1",
          "resolved": "https://registry.npmjs.org/unorm/-/unorm-1.4.1.tgz",
          "integrity": "sha1-NkIA1fE2RsqLzURJAnEzVhR5IwA="
        },
        "uuid": {
          "version": "3.0.1",
          "resolved": "https://registry.npmjs.org/uuid/-/uuid-3.0.1.tgz",
          "integrity": "sha1-ZUS7ot/ajBzxfmKaOjBeK7H+5sE="
        },
        "wrappy": {
          "version": "1.0.2",
          "resolved": "https://registry.npmjs.org/wrappy/-/wrappy-1.0.2.tgz",
          "integrity": "sha1-tSQ9jz7BqjXxNkYFvA0QNuMKtp8="
        },
        "xcode": {
          "version": "0.9.3",
          "resolved": "https://registry.npmjs.org/xcode/-/xcode-0.9.3.tgz",
          "integrity": "sha1-kQqJwWrubMC0LKgFptC0z4chHPM=",
          "requires": {
            "pegjs": "^0.10.0",
            "simple-plist": "^0.2.1",
            "uuid": "3.0.1"
          }
        },
        "xml-escape": {
          "version": "1.1.0",
          "resolved": "https://registry.npmjs.org/xml-escape/-/xml-escape-1.1.0.tgz",
          "integrity": "sha1-OQTBQ/qOs6ADDsZG0pAqLxtwbEQ="
        },
        "xmlbuilder": {
          "version": "8.2.2",
          "resolved": "https://registry.npmjs.org/xmlbuilder/-/xmlbuilder-8.2.2.tgz",
          "integrity": "sha1-aSSGc0ELS6QuGmE2VR0pIjNap3M="
        },
        "xmldom": {
          "version": "0.1.27",
          "resolved": "https://registry.npmjs.org/xmldom/-/xmldom-0.1.27.tgz",
          "integrity": "sha1-1QH5ezvbQDr4757MIFcxh6rawOk="
        }
      }
    },
    "cordova-plugin-app-version": {
      "version": "0.1.9",
      "resolved": "https://registry.npmjs.org/cordova-plugin-app-version/-/cordova-plugin-app-version-0.1.9.tgz",
      "integrity": "sha1-nbBgeGMzenEEiTAuX1CpBPFEm9s="
    },
    "cordova-plugin-customurlscheme": {
      "version": "4.3.0",
      "resolved": "https://registry.npmjs.org/cordova-plugin-customurlscheme/-/cordova-plugin-customurlscheme-4.3.0.tgz",
      "integrity": "sha1-Avlod4tAk5kOsEB/P6GxRY1wX5Q="
    },
    "cordova-plugin-device": {
      "version": "2.0.2",
      "resolved": "https://registry.npmjs.org/cordova-plugin-device/-/cordova-plugin-device-2.0.2.tgz",
      "integrity": "sha1-/Ajzci5n7ve2xnv8mag99q3Quro="
    },
    "cordova-plugin-email-composer": {
      "version": "0.8.15",
      "resolved": "https://registry.npmjs.org/cordova-plugin-email-composer/-/cordova-plugin-email-composer-0.8.15.tgz",
      "integrity": "sha512-DkGnlwGw25JKx/aICZT0X3N/Iew+btB/DLfjgEB2brjkj6N+lcognNPr40eltK7UWur3Ql8V4djm2EAuEbM7NQ=="
    },
    "cordova-plugin-file": {
      "version": "6.0.1",
      "resolved": "https://registry.npmjs.org/cordova-plugin-file/-/cordova-plugin-file-6.0.1.tgz",
      "integrity": "sha1-SWBrjBWlaI1HKPkuSnMloGHeB/U="
    },
    "cordova-plugin-inappbrowser": {
      "version": "git+https://github.com/shankari/cordova-plugin-inappbrowser.git#36d86763375b14e137d6ba16fed24f67d6f7dbac",
      "from": "git+https://github.com/shankari/cordova-plugin-inappbrowser.git"
    },
    "cordova-plugin-ionic": {
      "version": "git+https://github.com/e-mission/cordova-plugin-ionic.git#f27e4380d43ee08a4f899dbeaccc509cd05bfd08",
      "from": "git+https://github.com/e-mission/cordova-plugin-ionic.git#3.2.0",
      "requires": {
        "mkpath": ">=1.0.0",
        "node-version-compare": ">=1.0.1",
        "plist": ">=1.2.0",
        "xml2js": ">=0.4"
      }
    },
    "cordova-plugin-whitelist": {
      "version": "1.3.3",
      "resolved": "https://registry.npmjs.org/cordova-plugin-whitelist/-/cordova-plugin-whitelist-1.3.3.tgz",
      "integrity": "sha1-tehezbv+Wu3tQKG/TuI3LmfZb7Q="
    },
    "cordova-plugin-x-socialsharing": {
      "version": "5.2.1",
      "resolved": "https://registry.npmjs.org/cordova-plugin-x-socialsharing/-/cordova-plugin-x-socialsharing-5.2.1.tgz",
      "integrity": "sha1-28NUuZP5t7FgA5aCLYICtzzFgfM="
    },
    "e-mission-data-collection": {
      "version": "git+https://github.com/e-mission/e-mission-data-collection.git#f1443cd2ae939ae569d74de3880db7a4b024521d",
      "from": "git+https://github.com/e-mission/e-mission-data-collection.git#v1.3.2"
    },
    "em-cordova-connection-settings": {
      "version": "git+https://github.com/e-mission/cordova-connection-settings.git#6ae43f0673387106499d46249467cd47a7305da8",
      "from": "git+https://github.com/e-mission/cordova-connection-settings.git#v1.2.0"
    },
    "em-cordova-jwt-auth": {
      "version": "git+https://github.com/e-mission/cordova-jwt-auth.git#3a79d521942a398ed9a47d93e7680557002c01e7",
      "from": "git+https://github.com/e-mission/cordova-jwt-auth.git#v1.5.0"
    },
    "em-cordova-server-communication": {
      "version": "git+https://github.com/e-mission/cordova-server-communication.git#24309f837d0de238ce9b0f0ea58c416971d12ed7",
      "from": "git+https://github.com/e-mission/cordova-server-communication.git#v1.2.0"
    },
    "em-cordova-server-sync": {
      "version": "git+https://github.com/e-mission/cordova-server-sync.git#5c2be1fd2b7d824c927bd545334d8272b4bf893a",
      "from": "git+https://github.com/e-mission/cordova-server-sync.git#v1.1.2"
    },
    "em-cordova-transition-notify": {
      "version": "git+https://github.com/e-mission/e-mission-transition-notify.git#07cecc76f4e787d108875c1cd0f27b076e422cb5",
      "from": "git+https://github.com/e-mission/e-mission-transition-notify.git#v1.2.0"
    },
    "em-cordova-unified-logger": {
      "version": "git+https://github.com/e-mission/cordova-unified-logger.git#3602c2212fba3e107998df54434bb03f27d99bc2",
      "from": "git+https://github.com/e-mission/cordova-unified-logger.git#v1.3.1"
    },
    "em-cordova-usercache": {
      "version": "git+https://github.com/e-mission/cordova-usercache.git#3e920ce15f620c6bcd2ed1dfd97ef41a73020fed",
      "from": "git+https://github.com/e-mission/cordova-usercache.git#v1.1.0"
    },
    "fs-extra": {
      "version": "5.0.0",
      "resolved": "https://registry.npmjs.org/fs-extra/-/fs-extra-5.0.0.tgz",
      "integrity": "sha512-66Pm4RYbjzdyeuqudYqhFiNBbCIuI9kgRqLPSHIlXHidW8NIQtVdkM1yeZ4lXwuhbTETv3EUGMNHAAw6hiundQ==",
      "requires": {
        "graceful-fs": "^4.1.2",
        "jsonfile": "^4.0.0",
        "universalify": "^0.1.0"
      }
    },
    "graceful-fs": {
      "version": "4.1.15",
      "resolved": "https://registry.npmjs.org/graceful-fs/-/graceful-fs-4.1.15.tgz",
      "integrity": "sha512-6uHUhOPEBgQ24HM+r6b/QwWfZq+yiFcipKFrOFiBEnWdy5sdzYoi+pJeQaPI5qOLRFqWmAXUPQNsielzdLoecA=="
    },
    "install": {
      "version": "0.8.9",
      "resolved": "https://registry.npmjs.org/install/-/install-0.8.9.tgz",
      "integrity": "sha1-n0tcDRhR74cunfheT3Fi1OXc2+0="
    },
    "ionic-plugin-keyboard": {
      "version": "2.2.1",
      "resolved": "https://registry.npmjs.org/ionic-plugin-keyboard/-/ionic-plugin-keyboard-2.2.1.tgz",
      "integrity": "sha1-8qnhabvptVIkADR8n9bTRn7j+hI="
    },
    "jsonfile": {
      "version": "4.0.0",
      "resolved": "https://registry.npmjs.org/jsonfile/-/jsonfile-4.0.0.tgz",
      "integrity": "sha1-h3Gq4HmbZAdrdmQPygWPnBDjPss=",
      "requires": {
        "graceful-fs": "^4.1.6"
      }
    },
    "klaw-sync": {
      "version": "3.0.2",
      "resolved": "https://registry.npmjs.org/klaw-sync/-/klaw-sync-3.0.2.tgz",
      "integrity": "sha512-32bw9y2nKrnpX2LsJnDTBO2TSdOKPbXfQAWl7Lupcc3D0iKkzI/sQDEw1GjkOuTqZEhe+bVxKSlhSRLxyeytcw==",
      "requires": {
        "graceful-fs": "^4.1.11"
      }
    },
    "mkpath": {
      "version": "1.0.0",
      "resolved": "https://registry.npmjs.org/mkpath/-/mkpath-1.0.0.tgz",
      "integrity": "sha1-67Opd+evHGg65v2hK1Raa6bFhT0="
    },
    "node-version-compare": {
      "version": "1.0.2",
      "resolved": "https://registry.npmjs.org/node-version-compare/-/node-version-compare-1.0.2.tgz",
      "integrity": "sha512-OVcHSPS3nROlBQXcALptOR0j2lOabC9wE2S+y+Fvr7nSDqoO/LCNzRdVGVovipeHUXs5jAqq7GelWE1X4J1sEw=="
    },
    "pegjs": {
      "version": "0.10.0",
      "resolved": "https://registry.npmjs.org/pegjs/-/pegjs-0.10.0.tgz",
      "integrity": "sha1-z4uvrm7d/0tafvsYUmnqr0YQ3b0="
    },
    "phonegap-plugin-barcodescanner": {
      "version": "git+https://github.com/phonegap/phonegap-plugin-barcodescanner.git#c5dbca2770d7c0f22ccb23473cd38c5fad8f8fa9",
      "from": "git+https://github.com/phonegap/phonegap-plugin-barcodescanner.git#v8.0.1"
    },
    "phonegap-plugin-push": {
      "version": "2.1.2",
      "resolved": "https://registry.npmjs.org/phonegap-plugin-push/-/phonegap-plugin-push-2.1.2.tgz",
      "integrity": "sha1-9ke0wcOwL6vJTFsjWpFpZeF/Y0s=",
      "requires": {
        "babel-plugin-add-header-comment": "^1.0.3",
        "install": "^0.8.2"
      }
    },
    "plist": {
      "version": "3.0.1",
      "resolved": "https://registry.npmjs.org/plist/-/plist-3.0.1.tgz",
      "integrity": "sha512-GpgvHHocGRyQm74b6FWEZZVRroHKE1I0/BTjAmySaohK+cUn+hZpbqXkc3KWgW3gQYkqcQej35FohcT0FRlkRQ==",
      "requires": {
        "base64-js": "^1.2.3",
        "xmlbuilder": "^9.0.7",
        "xmldom": "0.1.x"
      }
    },
    "sax": {
      "version": "1.2.4",
      "resolved": "https://registry.npmjs.org/sax/-/sax-1.2.4.tgz",
      "integrity": "sha512-NqVDv9TpANUjFm0N8uM5GxL36UgKi9/atZw+x7YFnQ8ckwFGKrl4xX4yWtrey3UJm5nP1kUbnYgLopqWNSRhWw=="
    },
    "universalify": {
      "version": "0.1.2",
      "resolved": "https://registry.npmjs.org/universalify/-/universalify-0.1.2.tgz",
      "integrity": "sha512-rBJeI5CXAlmy1pV+617WB9J63U6XcazHHF2f2dbJix4XzpUF0RS3Zbj0FGIOCAva5P/d/GBOYaACQ1w+0azUkg=="
    },
    "xml2js": {
      "version": "0.4.19",
      "resolved": "https://registry.npmjs.org/xml2js/-/xml2js-0.4.19.tgz",
      "integrity": "sha512-esZnJZJOiJR9wWKMyuvSE1y6Dq5LCuJanqhxslH2bxM6duahNZ+HMpCLhBQGZkbX6xRf8x1Y2eJlgt2q3qo49Q==",
      "requires": {
        "sax": ">=0.6.0",
        "xmlbuilder": "~9.0.1"
      }
    },
    "xmlbuilder": {
      "version": "9.0.7",
      "resolved": "https://registry.npmjs.org/xmlbuilder/-/xmlbuilder-9.0.7.tgz",
      "integrity": "sha1-Ey7mPS7FVlxVfiD0wi35rKaGsQ0="
    },
    "xmldom": {
      "version": "0.1.27",
      "resolved": "https://registry.npmjs.org/xmldom/-/xmldom-0.1.27.tgz",
      "integrity": "sha1-1QH5ezvbQDr4757MIFcxh6rawOk="
    }
  }
}
